
Microsoft Visual Studio Solution File, Format Version 12.00
# Visual Studio Version 17
VisualStudioVersion = 17.4.33122.133
MinimumVisualStudioVersion = 10.0.40219.1
Project("{FAE04EC0-301F-11D3-BF4B-00C04F79EFBC}") = "Reflection", "Reflection\Reflection.csproj", "{71BD4C10-8CD1-4253-910F-934E20B41880}"
EndProject
Global
	GlobalSection(SolutionConfigurationPlatforms) = preSolution
		Debug|Any CPU = Debug|Any CPU
		Release|Any CPU = Release|Any CPU
	EndGlobalSection
	GlobalSection(ProjectConfigurationPlatforms) = postSolution
		{71BD4C10-8CD1-4253-910F-934E20B41880}.Debug|Any CPU.ActiveCfg = Debug|Any CPU
		{71BD4C10-8CD1-4253-910F-934E20B41880}.Debug|Any CPU.Build.0 = Debug|Any CPU
		{71BD4C10-8CD1-4253-910F-934E20B41880}.Release|Any CPU.ActiveCfg = Release|Any CPU
		{71BD4C10-8CD1-4253-910F-934E20B41880}.Release|Any CPU.Build.0 = Release|Any CPU
	EndGlobalSection
	GlobalSection(SolutionProperties) = preSolution
		HideSolutionNode = FALSE
	EndGlobalSection
	GlobalSection(ExtensibilityGlobals) = postSolution
		SolutionGuid = {3D6895C1-62B3-48B6-B6F8-1FB3413DB48F}
	EndGlobalSection
EndGlobal
